
Microsoft Visual Studio Solution File, Format Version 12.00
# Visual Studio Version 17
VisualStudioVersion = 17.13.35806.99
MinimumVisualStudioVersion = 10.0.40219.1
Project("{FAE04EC0-301F-11D3-BF4B-00C04F79EFBC}") = "EduSync", "EduSync.csproj", "{3E7A43C6-6CD7-4933-B86F-6108000CBD79}"
EndProject
Project("{FAE04EC0-301F-11D3-BF4B-00C04F79EFBC}") = "EduSync.Tests", "..\EduSync.Tests\EduSync.Tests.csproj", "{1AA1E4DD-B42A-E152-9F87-78607768DD89}"
EndProject
Global
	GlobalSection(SolutionConfigurationPlatforms) = preSolution
		Debug|Any CPU = Debug|Any CPU
		Release|Any CPU = Release|Any CPU
	EndGlobalSection
	GlobalSection(ProjectConfigurationPlatforms) = postSolution
		{3E7A43C6-6CD7-4933-B86F-6108000CBD79}.Debug|Any CPU.ActiveCfg = Debug|Any CPU
		{3E7A43C6-6CD7-4933-B86F-6108000CBD79}.Debug|Any CPU.Build.0 = Debug|Any CPU
		{3E7A43C6-6CD7-4933-B86F-6108000CBD79}.Release|Any CPU.ActiveCfg = Release|Any CPU
		{3E7A43C6-6CD7-4933-B86F-6108000CBD79}.Release|Any CPU.Build.0 = Release|Any CPU
		{1AA1E4DD-B42A-E152-9F87-78607768DD89}.Debug|Any CPU.ActiveCfg = Debug|Any CPU
		{1AA1E4DD-B42A-E152-9F87-78607768DD89}.Debug|Any CPU.Build.0 = Debug|Any CPU
		{1AA1E4DD-B42A-E152-9F87-78607768DD89}.Release|Any CPU.ActiveCfg = Release|Any CPU
		{1AA1E4DD-B42A-E152-9F87-78607768DD89}.Release|Any CPU.Build.0 = Release|Any CPU
	EndGlobalSection
	GlobalSection(SolutionProperties) = preSolution
		HideSolutionNode = FALSE
	EndGlobalSection
	GlobalSection(ExtensibilityGlobals) = postSolution
		SolutionGuid = {1181CA7A-7C60-4605-A1AE-05331317BB66}
	EndGlobalSection
EndGlobal
